
Microsoft Visual Studio Solution File, Format Version 12.00
# Visual Studio 2013
VisualStudioVersion = 12.0.30723.0
MinimumVisualStudioVersion = 10.0.40219.1
Project("{2150E333-8FDC-42A3-9474-1A3956D46DE8}") = "_Tests", "_Tests", "{D94D32CE-0795-4755-A24B-E767E8E884F0}"
EndProject
Project("{FAE04EC0-301F-11D3-BF4B-00C04F79EFBC}") = "Hoist.Host", "Hoist.Host\Hoist.Host.csproj", "{D86E3FFE-B104-4B90-AEC1-20E637A31ED7}"
EndProject
Project("{FAE04EC0-301F-11D3-BF4B-00C04F79EFBC}") = "Hoist.Plugin", "Hoist.Plugin\Hoist.Plugin.csproj", "{667E0A45-8E2F-4A31-81EA-DC2B2D522DB9}"
EndProject
Project("{FAE04EC0-301F-11D3-BF4B-00C04F79EFBC}") = "Hoist.Test.Plugins", "Hoist.Test.Plugins\Hoist.Test.Plugins.csproj", "{FDB09967-AEFF-46EB-B9A2-E21B201A835F}"
EndProject
Project("{FAE04EC0-301F-11D3-BF4B-00C04F79EFBC}") = "Hoist.Test.Plugins2", "Hoist.Test.Plugins2\Hoist.Test.Plugins2.csproj", "{C1BF7C00-0933-46F8-86DD-285F867254E3}"
EndProject
Project("{FAE04EC0-301F-11D3-BF4B-00C04F79EFBC}") = "Hoist.Tester", "Tester\Hoist.Tester.csproj", "{D5C9CDCE-2E82-488A-B1F6-AE3B5C8F8803}"
EndProject
Project("{FAE04EC0-301F-11D3-BF4B-00C04F79EFBC}") = "Hoist.Cluster.Test", "Hoist.Cluster.Test\Hoist.Cluster.Test.csproj", "{3629D2D6-6E1C-4DAE-AF14-B88C137AAB4F}"
EndProject
Global
	GlobalSection(SolutionConfigurationPlatforms) = preSolution
		Debug|Any CPU = Debug|Any CPU
		Release|Any CPU = Release|Any CPU
	EndGlobalSection
	GlobalSection(ProjectConfigurationPlatforms) = postSolution
		{D86E3FFE-B104-4B90-AEC1-20E637A31ED7}.Debug|Any CPU.ActiveCfg = Debug|Any CPU
		{D86E3FFE-B104-4B90-AEC1-20E637A31ED7}.Debug|Any CPU.Build.0 = Debug|Any CPU
		{D86E3FFE-B104-4B90-AEC1-20E637A31ED7}.Release|Any CPU.ActiveCfg = Release|Any CPU
		{D86E3FFE-B104-4B90-AEC1-20E637A31ED7}.Release|Any CPU.Build.0 = Release|Any CPU
		{667E0A45-8E2F-4A31-81EA-DC2B2D522DB9}.Debug|Any CPU.ActiveCfg = Debug|Any CPU
		{667E0A45-8E2F-4A31-81EA-DC2B2D522DB9}.Debug|Any CPU.Build.0 = Debug|Any CPU
		{667E0A45-8E2F-4A31-81EA-DC2B2D522DB9}.Release|Any CPU.ActiveCfg = Release|Any CPU
		{667E0A45-8E2F-4A31-81EA-DC2B2D522DB9}.Release|Any CPU.Build.0 = Release|Any CPU
		{FDB09967-AEFF-46EB-B9A2-E21B201A835F}.Debug|Any CPU.ActiveCfg = Debug|Any CPU
		{FDB09967-AEFF-46EB-B9A2-E21B201A835F}.Debug|Any CPU.Build.0 = Debug|Any CPU
		{FDB09967-AEFF-46EB-B9A2-E21B201A835F}.Release|Any CPU.ActiveCfg = Release|Any CPU
		{FDB09967-AEFF-46EB-B9A2-E21B201A835F}.Release|Any CPU.Build.0 = Release|Any CPU
		{C1BF7C00-0933-46F8-86DD-285F867254E3}.Debug|Any CPU.ActiveCfg = Debug|Any CPU
		{C1BF7C00-0933-46F8-86DD-285F867254E3}.Debug|Any CPU.Build.0 = Debug|Any CPU
		{C1BF7C00-0933-46F8-86DD-285F867254E3}.Release|Any CPU.ActiveCfg = Release|Any CPU
		{C1BF7C00-0933-46F8-86DD-285F867254E3}.Release|Any CPU.Build.0 = Release|Any CPU
		{D5C9CDCE-2E82-488A-B1F6-AE3B5C8F8803}.Debug|Any CPU.ActiveCfg = Debug|Any CPU
		{D5C9CDCE-2E82-488A-B1F6-AE3B5C8F8803}.Debug|Any CPU.Build.0 = Debug|Any CPU
		{D5C9CDCE-2E82-488A-B1F6-AE3B5C8F8803}.Release|Any CPU.ActiveCfg = Release|Any CPU
		{D5C9CDCE-2E82-488A-B1F6-AE3B5C8F8803}.Release|Any CPU.Build.0 = Release|Any CPU
		{3629D2D6-6E1C-4DAE-AF14-B88C137AAB4F}.Debug|Any CPU.ActiveCfg = Debug|Any CPU
		{3629D2D6-6E1C-4DAE-AF14-B88C137AAB4F}.Debug|Any CPU.Build.0 = Debug|Any CPU
		{3629D2D6-6E1C-4DAE-AF14-B88C137AAB4F}.Release|Any CPU.ActiveCfg = Release|Any CPU
		{3629D2D6-6E1C-4DAE-AF14-B88C137AAB4F}.Release|Any CPU.Build.0 = Release|Any CPU
	EndGlobalSection
	GlobalSection(SolutionProperties) = preSolution
		HideSolutionNode = FALSE
	EndGlobalSection
	GlobalSection(NestedProjects) = preSolution
		{FDB09967-AEFF-46EB-B9A2-E21B201A835F} = {D94D32CE-0795-4755-A24B-E767E8E884F0}
		{C1BF7C00-0933-46F8-86DD-285F867254E3} = {D94D32CE-0795-4755-A24B-E767E8E884F0}
		{D5C9CDCE-2E82-488A-B1F6-AE3B5C8F8803} = {D94D32CE-0795-4755-A24B-E767E8E884F0}
		{3629D2D6-6E1C-4DAE-AF14-B88C137AAB4F} = {D94D32CE-0795-4755-A24B-E767E8E884F0}
	EndGlobalSection
EndGlobal
